
Microsoft Visual Studio Solution File, Format Version 12.00
# Visual Studio Version 17
VisualStudioVersion = 17.13.35931.197 d17.13
MinimumVisualStudioVersion = 10.0.40219.1
Project("{FAE04EC0-301F-11D3-BF4B-00C04F79EFBC}") = "MineSweeper", "MineSweeper\MineSweeper.csproj", "{B43F60DD-F007-4986-910B-33ABF5A7AB60}"
EndProject
Project("{FAE04EC0-301F-11D3-BF4B-00C04F79EFBC}") = "MineSweeper.Domain", "MineSweeper.Domain\MineSweeper.Domain.csproj", "{8F61D3E3-C539-48CD-9A9A-BFF80F21C375}"
EndProject
Project("{FAE04EC0-301F-11D3-BF4B-00C04F79EFBC}") = "MineSweeper.Tests", "MineSweeper.Tests\MineSweeper.Tests.csproj", "{4249FF50-5EDC-4E07-88D1-E57FC96FECA5}"
EndProject
Global
	GlobalSection(SolutionConfigurationPlatforms) = preSolution
		Debug|Any CPU = Debug|Any CPU
		Release|Any CPU = Release|Any CPU
	EndGlobalSection
	GlobalSection(ProjectConfigurationPlatforms) = postSolution
		{B43F60DD-F007-4986-910B-33ABF5A7AB60}.Debug|Any CPU.ActiveCfg = Debug|Any CPU
		{B43F60DD-F007-4986-910B-33ABF5A7AB60}.Debug|Any CPU.Build.0 = Debug|Any CPU
		{B43F60DD-F007-4986-910B-33ABF5A7AB60}.Release|Any CPU.ActiveCfg = Release|Any CPU
		{B43F60DD-F007-4986-910B-33ABF5A7AB60}.Release|Any CPU.Build.0 = Release|Any CPU
		{8F61D3E3-C539-48CD-9A9A-BFF80F21C375}.Debug|Any CPU.ActiveCfg = Debug|Any CPU
		{8F61D3E3-C539-48CD-9A9A-BFF80F21C375}.Debug|Any CPU.Build.0 = Debug|Any CPU
		{8F61D3E3-C539-48CD-9A9A-BFF80F21C375}.Release|Any CPU.ActiveCfg = Release|Any CPU
		{8F61D3E3-C539-48CD-9A9A-BFF80F21C375}.Release|Any CPU.Build.0 = Release|Any CPU
		{4249FF50-5EDC-4E07-88D1-E57FC96FECA5}.Debug|Any CPU.ActiveCfg = Debug|Any CPU
		{4249FF50-5EDC-4E07-88D1-E57FC96FECA5}.Debug|Any CPU.Build.0 = Debug|Any CPU
		{4249FF50-5EDC-4E07-88D1-E57FC96FECA5}.Release|Any CPU.ActiveCfg = Release|Any CPU
		{4249FF50-5EDC-4E07-88D1-E57FC96FECA5}.Release|Any CPU.Build.0 = Release|Any CPU
	EndGlobalSection
	GlobalSection(SolutionProperties) = preSolution
		HideSolutionNode = FALSE
	EndGlobalSection
	GlobalSection(ExtensibilityGlobals) = postSolution
		SolutionGuid = {64F78297-E379-4708-BE2B-43B71A68930C}
	EndGlobalSection
EndGlobal
